
Microsoft Visual Studio Solution File, Format Version 12.00
# Visual Studio Version 16
VisualStudioVersion = 16.0.29411.108
MinimumVisualStudioVersion = 10.0.40219.1
Project("{FAE04EC0-301F-11D3-BF4B-00C04F79EFBC}") = "CertificateExamCode", "CertificateExamCode\CertificateExamCode.csproj", "{FF0A6B07-A6CC-49D8-A4B6-23AA01BA96C7}"
EndProject
Project("{9A19103F-16F7-4668-BE54-9A1E7A4F7556}") = "ExplicitImplementInterface", "ExplicitImplementInterface\ExplicitImplementInterface.csproj", "{06C65662-D3BE-4405-B2D3-E3FB54B75FCA}"
EndProject
Global
	GlobalSection(SolutionConfigurationPlatforms) = preSolution
		Debug|Any CPU = Debug|Any CPU
		Release|Any CPU = Release|Any CPU
	EndGlobalSection
	GlobalSection(ProjectConfigurationPlatforms) = postSolution
		{FF0A6B07-A6CC-49D8-A4B6-23AA01BA96C7}.Debug|Any CPU.ActiveCfg = Debug|Any CPU
		{FF0A6B07-A6CC-49D8-A4B6-23AA01BA96C7}.Debug|Any CPU.Build.0 = Debug|Any CPU
		{FF0A6B07-A6CC-49D8-A4B6-23AA01BA96C7}.Release|Any CPU.ActiveCfg = Release|Any CPU
		{FF0A6B07-A6CC-49D8-A4B6-23AA01BA96C7}.Release|Any CPU.Build.0 = Release|Any CPU
		{06C65662-D3BE-4405-B2D3-E3FB54B75FCA}.Debug|Any CPU.ActiveCfg = Debug|Any CPU
		{06C65662-D3BE-4405-B2D3-E3FB54B75FCA}.Debug|Any CPU.Build.0 = Debug|Any CPU
		{06C65662-D3BE-4405-B2D3-E3FB54B75FCA}.Release|Any CPU.ActiveCfg = Release|Any CPU
		{06C65662-D3BE-4405-B2D3-E3FB54B75FCA}.Release|Any CPU.Build.0 = Release|Any CPU
	EndGlobalSection
	GlobalSection(SolutionProperties) = preSolution
		HideSolutionNode = FALSE
	EndGlobalSection
	GlobalSection(ExtensibilityGlobals) = postSolution
		SolutionGuid = {7446FB8E-1E4D-4260-AE04-7B85A7301C1B}
	EndGlobalSection
EndGlobal
